
Microsoft Visual Studio Solution File, Format Version 12.00
# Visual Studio Version 16
VisualStudioVersion = 16.0.29806.167
MinimumVisualStudioVersion = 15.0.26124.0
Project("{9A19103F-16F7-4668-BE54-9A1E7A4F7556}") = "FileStorageAPI", "FileStorageAPI\FileStorageAPI.csproj", "{D507505C-8EB9-40F3-A6A1-1509D1B01504}"
EndProject
Project("{9A19103F-16F7-4668-BE54-9A1E7A4F7556}") = "HomeSchoolAPI", "HomeSchoolAPI\HomeSchoolAPI.csproj", "{87B38A7A-4491-4AD7-B4CF-299288727B42}"
EndProject
Project("{9A19103F-16F7-4668-BE54-9A1E7A4F7556}") = "HomeSchoolCore", "HomeSchoolCore\HomeSchoolCore.csproj", "{51AFF9B5-75AD-4E60-99CC-606124A2F9F2}"
EndProject
Project("{9A19103F-16F7-4668-BE54-9A1E7A4F7556}") = "ReturnUserNamesAPI", "ReturnUserNamesAPI\ReturnUserNamesAPI.csproj", "{C8FE68D7-9998-49DA-B94F-FCE1BB9C8A4A}"
EndProject
Project("{9A19103F-16F7-4668-BE54-9A1E7A4F7556}") = "TextChatAPI", "TextChatAPI\TextChatAPI.csproj", "{0D69163E-4172-4BCF-AE6A-31BD25F4924E}"
EndProject
Global
	GlobalSection(SolutionConfigurationPlatforms) = preSolution
		Debug|Any CPU = Debug|Any CPU
		Debug|x64 = Debug|x64
		Debug|x86 = Debug|x86
		Release|Any CPU = Release|Any CPU
		Release|x64 = Release|x64
		Release|x86 = Release|x86
	EndGlobalSection
	GlobalSection(ProjectConfigurationPlatforms) = postSolution
		{D507505C-8EB9-40F3-A6A1-1509D1B01504}.Debug|Any CPU.ActiveCfg = Debug|Any CPU
		{D507505C-8EB9-40F3-A6A1-1509D1B01504}.Debug|Any CPU.Build.0 = Debug|Any CPU
		{D507505C-8EB9-40F3-A6A1-1509D1B01504}.Debug|x64.ActiveCfg = Debug|Any CPU
		{D507505C-8EB9-40F3-A6A1-1509D1B01504}.Debug|x64.Build.0 = Debug|Any CPU
		{D507505C-8EB9-40F3-A6A1-1509D1B01504}.Debug|x86.ActiveCfg = Debug|Any CPU
		{D507505C-8EB9-40F3-A6A1-1509D1B01504}.Debug|x86.Build.0 = Debug|Any CPU
		{D507505C-8EB9-40F3-A6A1-1509D1B01504}.Release|Any CPU.ActiveCfg = Release|Any CPU
		{D507505C-8EB9-40F3-A6A1-1509D1B01504}.Release|Any CPU.Build.0 = Release|Any CPU
		{D507505C-8EB9-40F3-A6A1-1509D1B01504}.Release|x64.ActiveCfg = Release|Any CPU
		{D507505C-8EB9-40F3-A6A1-1509D1B01504}.Release|x64.Build.0 = Release|Any CPU
		{D507505C-8EB9-40F3-A6A1-1509D1B01504}.Release|x86.ActiveCfg = Release|Any CPU
		{D507505C-8EB9-40F3-A6A1-1509D1B01504}.Release|x86.Build.0 = Release|Any CPU
		{87B38A7A-4491-4AD7-B4CF-299288727B42}.Debug|Any CPU.ActiveCfg = Debug|Any CPU
		{87B38A7A-4491-4AD7-B4CF-299288727B42}.Debug|Any CPU.Build.0 = Debug|Any CPU
		{87B38A7A-4491-4AD7-B4CF-299288727B42}.Debug|x64.ActiveCfg = Debug|Any CPU
		{87B38A7A-4491-4AD7-B4CF-299288727B42}.Debug|x64.Build.0 = Debug|Any CPU
		{87B38A7A-4491-4AD7-B4CF-299288727B42}.Debug|x86.ActiveCfg = Debug|Any CPU
		{87B38A7A-4491-4AD7-B4CF-299288727B42}.Debug|x86.Build.0 = Debug|Any CPU
		{87B38A7A-4491-4AD7-B4CF-299288727B42}.Release|Any CPU.ActiveCfg = Release|Any CPU
		{87B38A7A-4491-4AD7-B4CF-299288727B42}.Release|Any CPU.Build.0 = Release|Any CPU
		{87B38A7A-4491-4AD7-B4CF-299288727B42}.Release|x64.ActiveCfg = Release|Any CPU
		{87B38A7A-4491-4AD7-B4CF-299288727B42}.Release|x64.Build.0 = Release|Any CPU
		{87B38A7A-4491-4AD7-B4CF-299288727B42}.Release|x86.ActiveCfg = Release|Any CPU
		{87B38A7A-4491-4AD7-B4CF-299288727B42}.Release|x86.Build.0 = Release|Any CPU
		{51AFF9B5-75AD-4E60-99CC-606124A2F9F2}.Debug|Any CPU.ActiveCfg = Debug|Any CPU
		{51AFF9B5-75AD-4E60-99CC-606124A2F9F2}.Debug|Any CPU.Build.0 = Debug|Any CPU
		{51AFF9B5-75AD-4E60-99CC-606124A2F9F2}.Debug|x64.ActiveCfg = Debug|Any CPU
		{51AFF9B5-75AD-4E60-99CC-606124A2F9F2}.Debug|x64.Build.0 = Debug|Any CPU
		{51AFF9B5-75AD-4E60-99CC-606124A2F9F2}.Debug|x86.ActiveCfg = Debug|Any CPU
		{51AFF9B5-75AD-4E60-99CC-606124A2F9F2}.Debug|x86.Build.0 = Debug|Any CPU
		{51AFF9B5-75AD-4E60-99CC-606124A2F9F2}.Release|Any CPU.ActiveCfg = Release|Any CPU
		{51AFF9B5-75AD-4E60-99CC-606124A2F9F2}.Release|Any CPU.Build.0 = Release|Any CPU
		{51AFF9B5-75AD-4E60-99CC-606124A2F9F2}.Release|x64.ActiveCfg = Release|Any CPU
		{51AFF9B5-75AD-4E60-99CC-606124A2F9F2}.Release|x64.Build.0 = Release|Any CPU
		{51AFF9B5-75AD-4E60-99CC-606124A2F9F2}.Release|x86.ActiveCfg = Release|Any CPU
		{51AFF9B5-75AD-4E60-99CC-606124A2F9F2}.Release|x86.Build.0 = Release|Any CPU
		{C8FE68D7-9998-49DA-B94F-FCE1BB9C8A4A}.Debug|Any CPU.ActiveCfg = Debug|Any CPU
		{C8FE68D7-9998-49DA-B94F-FCE1BB9C8A4A}.Debug|Any CPU.Build.0 = Debug|Any CPU
		{C8FE68D7-9998-49DA-B94F-FCE1BB9C8A4A}.Debug|x64.ActiveCfg = Debug|Any CPU
		{C8FE68D7-9998-49DA-B94F-FCE1BB9C8A4A}.Debug|x64.Build.0 = Debug|Any CPU
		{C8FE68D7-9998-49DA-B94F-FCE1BB9C8A4A}.Debug|x86.ActiveCfg = Debug|Any CPU
		{C8FE68D7-9998-49DA-B94F-FCE1BB9C8A4A}.Debug|x86.Build.0 = Debug|Any CPU
		{C8FE68D7-9998-49DA-B94F-FCE1BB9C8A4A}.Release|Any CPU.ActiveCfg = Release|Any CPU
		{C8FE68D7-9998-49DA-B94F-FCE1BB9C8A4A}.Release|Any CPU.Build.0 = Release|Any CPU
		{C8FE68D7-9998-49DA-B94F-FCE1BB9C8A4A}.Release|x64.ActiveCfg = Release|Any CPU
		{C8FE68D7-9998-49DA-B94F-FCE1BB9C8A4A}.Release|x64.Build.0 = Release|Any CPU
		{C8FE68D7-9998-49DA-B94F-FCE1BB9C8A4A}.Release|x86.ActiveCfg = Release|Any CPU
		{C8FE68D7-9998-49DA-B94F-FCE1BB9C8A4A}.Release|x86.Build.0 = Release|Any CPU
		{0D69163E-4172-4BCF-AE6A-31BD25F4924E}.Debug|Any CPU.ActiveCfg = Debug|Any CPU
		{0D69163E-4172-4BCF-AE6A-31BD25F4924E}.Debug|Any CPU.Build.0 = Debug|Any CPU
		{0D69163E-4172-4BCF-AE6A-31BD25F4924E}.Debug|x64.ActiveCfg = Debug|Any CPU
		{0D69163E-4172-4BCF-AE6A-31BD25F4924E}.Debug|x64.Build.0 = Debug|Any CPU
		{0D69163E-4172-4BCF-AE6A-31BD25F4924E}.Debug|x86.ActiveCfg = Debug|Any CPU
		{0D69163E-4172-4BCF-AE6A-31BD25F4924E}.Debug|x86.Build.0 = Debug|Any CPU
		{0D69163E-4172-4BCF-AE6A-31BD25F4924E}.Release|Any CPU.ActiveCfg = Release|Any CPU
		{0D69163E-4172-4BCF-AE6A-31BD25F4924E}.Release|Any CPU.Build.0 = Release|Any CPU
		{0D69163E-4172-4BCF-AE6A-31BD25F4924E}.Release|x64.ActiveCfg = Release|Any CPU
		{0D69163E-4172-4BCF-AE6A-31BD25F4924E}.Release|x64.Build.0 = Release|Any CPU
		{0D69163E-4172-4BCF-AE6A-31BD25F4924E}.Release|x86.ActiveCfg = Release|Any CPU
		{0D69163E-4172-4BCF-AE6A-31BD25F4924E}.Release|x86.Build.0 = Release|Any CPU
	EndGlobalSection
	GlobalSection(SolutionProperties) = preSolution
		HideSolutionNode = FALSE
	EndGlobalSection
	GlobalSection(ExtensibilityGlobals) = postSolution
		SolutionGuid = {4FD48D1A-1B3E-4839-86C5-4369372BD20B}
	EndGlobalSection
EndGlobal
