
Microsoft Visual Studio Solution File, Format Version 12.00
# Visual Studio Version 16
VisualStudioVersion = 16.0.29806.167
MinimumVisualStudioVersion = 10.0.40219.1
Project("{9A19103F-16F7-4668-BE54-9A1E7A4F7556}") = "HomeSchoolAPI", "HomeSchoolAPI.csproj", "{5B55DF63-A32F-44F5-8B46-DC9E8DA956A8}"
EndProject
Project("{9A19103F-16F7-4668-BE54-9A1E7A4F7556}") = "FileStorageAPI", "..\FileStorageAPI\FileStorageAPI.csproj", "{6FBED6CE-56B3-4A9C-BA2A-5BD14429F7F7}"
EndProject
Project("{9A19103F-16F7-4668-BE54-9A1E7A4F7556}") = "ReturnUserNamesAPI", "..\ReturnUserNamesAPI\ReturnUserNamesAPI.csproj", "{41B9D46E-F587-472D-BA01-2CC0559E1A27}"
EndProject
Project("{9A19103F-16F7-4668-BE54-9A1E7A4F7556}") = "TextChatAPI", "..\TextChatAPI\TextChatAPI.csproj", "{58594F81-1FAD-4F40-8510-8D479D765512}"
EndProject
Project("{9A19103F-16F7-4668-BE54-9A1E7A4F7556}") = "HomeSchoolCore", "..\HomeSchoolCore\HomeSchoolCore.csproj", "{52B2CEEE-377A-4DCE-9716-E7EADE0BDCA4}"
EndProject
Global
	GlobalSection(SolutionConfigurationPlatforms) = preSolution
		Debug|Any CPU = Debug|Any CPU
		Release|Any CPU = Release|Any CPU
	EndGlobalSection
	GlobalSection(ProjectConfigurationPlatforms) = postSolution
		{5B55DF63-A32F-44F5-8B46-DC9E8DA956A8}.Debug|Any CPU.ActiveCfg = Debug|Any CPU
		{5B55DF63-A32F-44F5-8B46-DC9E8DA956A8}.Debug|Any CPU.Build.0 = Debug|Any CPU
		{5B55DF63-A32F-44F5-8B46-DC9E8DA956A8}.Release|Any CPU.ActiveCfg = Release|Any CPU
		{5B55DF63-A32F-44F5-8B46-DC9E8DA956A8}.Release|Any CPU.Build.0 = Release|Any CPU
		{6FBED6CE-56B3-4A9C-BA2A-5BD14429F7F7}.Debug|Any CPU.ActiveCfg = Debug|Any CPU
		{6FBED6CE-56B3-4A9C-BA2A-5BD14429F7F7}.Debug|Any CPU.Build.0 = Debug|Any CPU
		{6FBED6CE-56B3-4A9C-BA2A-5BD14429F7F7}.Release|Any CPU.ActiveCfg = Release|Any CPU
		{6FBED6CE-56B3-4A9C-BA2A-5BD14429F7F7}.Release|Any CPU.Build.0 = Release|Any CPU
		{41B9D46E-F587-472D-BA01-2CC0559E1A27}.Debug|Any CPU.ActiveCfg = Debug|Any CPU
		{41B9D46E-F587-472D-BA01-2CC0559E1A27}.Debug|Any CPU.Build.0 = Debug|Any CPU
		{41B9D46E-F587-472D-BA01-2CC0559E1A27}.Release|Any CPU.ActiveCfg = Release|Any CPU
		{41B9D46E-F587-472D-BA01-2CC0559E1A27}.Release|Any CPU.Build.0 = Release|Any CPU
		{58594F81-1FAD-4F40-8510-8D479D765512}.Debug|Any CPU.ActiveCfg = Debug|Any CPU
		{58594F81-1FAD-4F40-8510-8D479D765512}.Debug|Any CPU.Build.0 = Debug|Any CPU
		{58594F81-1FAD-4F40-8510-8D479D765512}.Release|Any CPU.ActiveCfg = Release|Any CPU
		{58594F81-1FAD-4F40-8510-8D479D765512}.Release|Any CPU.Build.0 = Release|Any CPU
		{52B2CEEE-377A-4DCE-9716-E7EADE0BDCA4}.Debug|Any CPU.ActiveCfg = Debug|Any CPU
		{52B2CEEE-377A-4DCE-9716-E7EADE0BDCA4}.Debug|Any CPU.Build.0 = Debug|Any CPU
		{52B2CEEE-377A-4DCE-9716-E7EADE0BDCA4}.Release|Any CPU.ActiveCfg = Release|Any CPU
		{52B2CEEE-377A-4DCE-9716-E7EADE0BDCA4}.Release|Any CPU.Build.0 = Release|Any CPU
	EndGlobalSection
	GlobalSection(SolutionProperties) = preSolution
		HideSolutionNode = FALSE
	EndGlobalSection
	GlobalSection(ExtensibilityGlobals) = postSolution
		SolutionGuid = {4247BAEE-BF3D-4D8E-9E58-5F6FCAB46625}
	EndGlobalSection
EndGlobal
